
Microsoft Visual Studio Solution File, Format Version 12.00
# Visual Studio 15
VisualStudioVersion = 15.0.26124.0
MinimumVisualStudioVersion = 15.0.26124.0
Project("{FAE04EC0-301F-11D3-BF4B-00C04F79EFBC}") = "LaunchSettingsNotIgnored", "LaunchSettingsNotIgnored\LaunchSettingsNotIgnored.csproj", "{94E7B8A0-3E55-4B21-BA8E-09CC5F8E67A4}"
EndProject
Project("{FAE04EC0-301F-11D3-BF4B-00C04F79EFBC}") = "LaunchSettingsIgnored", "LaunchSettingsIgnored\LaunchSettingsIgnored.csproj", "{A500BEA5-437B-480A-BE34-77BDD7E2203F}"
EndProject
Global
	GlobalSection(SolutionConfigurationPlatforms) = preSolution
		Debug|Any CPU = Debug|Any CPU
		Debug|x64 = Debug|x64
		Debug|x86 = Debug|x86
		Release|Any CPU = Release|Any CPU
		Release|x64 = Release|x64
		Release|x86 = Release|x86
	EndGlobalSection
	GlobalSection(SolutionProperties) = preSolution
		HideSolutionNode = FALSE
	EndGlobalSection
	GlobalSection(ProjectConfigurationPlatforms) = postSolution
		{94E7B8A0-3E55-4B21-BA8E-09CC5F8E67A4}.Debug|Any CPU.ActiveCfg = Debug|Any CPU
		{94E7B8A0-3E55-4B21-BA8E-09CC5F8E67A4}.Debug|Any CPU.Build.0 = Debug|Any CPU
		{94E7B8A0-3E55-4B21-BA8E-09CC5F8E67A4}.Debug|x64.ActiveCfg = Debug|Any CPU
		{94E7B8A0-3E55-4B21-BA8E-09CC5F8E67A4}.Debug|x64.Build.0 = Debug|Any CPU
		{94E7B8A0-3E55-4B21-BA8E-09CC5F8E67A4}.Debug|x86.ActiveCfg = Debug|Any CPU
		{94E7B8A0-3E55-4B21-BA8E-09CC5F8E67A4}.Debug|x86.Build.0 = Debug|Any CPU
		{94E7B8A0-3E55-4B21-BA8E-09CC5F8E67A4}.Release|Any CPU.ActiveCfg = Release|Any CPU
		{94E7B8A0-3E55-4B21-BA8E-09CC5F8E67A4}.Release|Any CPU.Build.0 = Release|Any CPU
		{94E7B8A0-3E55-4B21-BA8E-09CC5F8E67A4}.Release|x64.ActiveCfg = Release|Any CPU
		{94E7B8A0-3E55-4B21-BA8E-09CC5F8E67A4}.Release|x64.Build.0 = Release|Any CPU
		{94E7B8A0-3E55-4B21-BA8E-09CC5F8E67A4}.Release|x86.ActiveCfg = Release|Any CPU
		{94E7B8A0-3E55-4B21-BA8E-09CC5F8E67A4}.Release|x86.Build.0 = Release|Any CPU
		{A500BEA5-437B-480A-BE34-77BDD7E2203F}.Debug|Any CPU.ActiveCfg = Debug|Any CPU
		{A500BEA5-437B-480A-BE34-77BDD7E2203F}.Debug|Any CPU.Build.0 = Debug|Any CPU
		{A500BEA5-437B-480A-BE34-77BDD7E2203F}.Debug|x64.ActiveCfg = Debug|Any CPU
		{A500BEA5-437B-480A-BE34-77BDD7E2203F}.Debug|x64.Build.0 = Debug|Any CPU
		{A500BEA5-437B-480A-BE34-77BDD7E2203F}.Debug|x86.ActiveCfg = Debug|Any CPU
		{A500BEA5-437B-480A-BE34-77BDD7E2203F}.Debug|x86.Build.0 = Debug|Any CPU
		{A500BEA5-437B-480A-BE34-77BDD7E2203F}.Release|Any CPU.ActiveCfg = Release|Any CPU
		{A500BEA5-437B-480A-BE34-77BDD7E2203F}.Release|Any CPU.Build.0 = Release|Any CPU
		{A500BEA5-437B-480A-BE34-77BDD7E2203F}.Release|x64.ActiveCfg = Release|Any CPU
		{A500BEA5-437B-480A-BE34-77BDD7E2203F}.Release|x64.Build.0 = Release|Any CPU
		{A500BEA5-437B-480A-BE34-77BDD7E2203F}.Release|x86.ActiveCfg = Release|Any CPU
		{A500BEA5-437B-480A-BE34-77BDD7E2203F}.Release|x86.Build.0 = Release|Any CPU
	EndGlobalSection
EndGlobal
